
Microsoft Visual Studio Solution File, Format Version 12.00
# Visual Studio Version 16
VisualStudioVersion = 16.0.33529.622
MinimumVisualStudioVersion = 10.0.40219.1
Project("{8BC9CEB8-8B4A-11D0-8D11-00A0C91BC942}") = "键盘和鼠标事件", "键盘和鼠标事件\键盘和鼠标事件.vcxproj", "{26BA6400-21CE-41D9-BB20-CE1E99EC52AD}"
EndProject
Global
	GlobalSection(SolutionConfigurationPlatforms) = preSolution
		Debug|x64 = Debug|x64
		Debug|x86 = Debug|x86
		Release|x64 = Release|x64
		Release|x86 = Release|x86
	EndGlobalSection
	GlobalSection(ProjectConfigurationPlatforms) = postSolution
		{26BA6400-21CE-41D9-BB20-CE1E99EC52AD}.Debug|x64.ActiveCfg = Debug|x64
		{26BA6400-21CE-41D9-BB20-CE1E99EC52AD}.Debug|x64.Build.0 = Debug|x64
		{26BA6400-21CE-41D9-BB20-CE1E99EC52AD}.Debug|x86.ActiveCfg = Debug|Win32
		{26BA6400-21CE-41D9-BB20-CE1E99EC52AD}.Debug|x86.Build.0 = Debug|Win32
		{26BA6400-21CE-41D9-BB20-CE1E99EC52AD}.Release|x64.ActiveCfg = Release|x64
		{26BA6400-21CE-41D9-BB20-CE1E99EC52AD}.Release|x64.Build.0 = Release|x64
		{26BA6400-21CE-41D9-BB20-CE1E99EC52AD}.Release|x86.ActiveCfg = Release|Win32
		{26BA6400-21CE-41D9-BB20-CE1E99EC52AD}.Release|x86.Build.0 = Release|Win32
	EndGlobalSection
	GlobalSection(SolutionProperties) = preSolution
		HideSolutionNode = FALSE
	EndGlobalSection
	GlobalSection(ExtensibilityGlobals) = postSolution
		SolutionGuid = {FEC6BC89-0E53-4BAB-A06D-1279CD12E54E}
	EndGlobalSection
EndGlobal
