
Microsoft Visual Studio Solution File, Format Version 12.00
# Visual Studio Version 16
VisualStudioVersion = 16.0.33529.622
MinimumVisualStudioVersion = 10.0.40219.1
Project("{8BC9CEB8-8B4A-11D0-8D11-00A0C91BC942}") = "异或加解密", "异或加解密\异或加解密.vcxproj", "{D6EB280C-EDE5-4793-8806-A6137E2AE453}"
EndProject
Global
	GlobalSection(SolutionConfigurationPlatforms) = preSolution
		Debug|x64 = Debug|x64
		Debug|x86 = Debug|x86
		Release|x64 = Release|x64
		Release|x86 = Release|x86
	EndGlobalSection
	GlobalSection(ProjectConfigurationPlatforms) = postSolution
		{D6EB280C-EDE5-4793-8806-A6137E2AE453}.Debug|x64.ActiveCfg = Debug|x64
		{D6EB280C-EDE5-4793-8806-A6137E2AE453}.Debug|x64.Build.0 = Debug|x64
		{D6EB280C-EDE5-4793-8806-A6137E2AE453}.Debug|x86.ActiveCfg = Debug|Win32
		{D6EB280C-EDE5-4793-8806-A6137E2AE453}.Debug|x86.Build.0 = Debug|Win32
		{D6EB280C-EDE5-4793-8806-A6137E2AE453}.Release|x64.ActiveCfg = Release|x64
		{D6EB280C-EDE5-4793-8806-A6137E2AE453}.Release|x64.Build.0 = Release|x64
		{D6EB280C-EDE5-4793-8806-A6137E2AE453}.Release|x86.ActiveCfg = Release|Win32
		{D6EB280C-EDE5-4793-8806-A6137E2AE453}.Release|x86.Build.0 = Release|Win32
	EndGlobalSection
	GlobalSection(SolutionProperties) = preSolution
		HideSolutionNode = FALSE
	EndGlobalSection
	GlobalSection(ExtensibilityGlobals) = postSolution
		SolutionGuid = {962E52F9-AC9D-4D9A-99C1-9A0D5CB60579}
	EndGlobalSection
EndGlobal
