
Microsoft Visual Studio Solution File, Format Version 12.00
# Visual Studio Version 17
VisualStudioVersion = 17.4.33205.214
MinimumVisualStudioVersion = 10.0.40219.1
Project("{8BC9CEB8-8B4A-11D0-8D11-00A0C91BC942}") = "handle_string", "handle_string\handle_string.vcxproj", "{1166C636-9BF7-4E88-8681-753CEB58323E}"
EndProject
Project("{8BC9CEB8-8B4A-11D0-8D11-00A0C91BC942}") = "global_local", "..\global_local\global_local.vcxproj", "{B4AE2529-0CDA-452B-9393-9277B4E9746A}"
EndProject
Global
	GlobalSection(SolutionConfigurationPlatforms) = preSolution
		Debug|x64 = Debug|x64
		Debug|x86 = Debug|x86
		Release|x64 = Release|x64
		Release|x86 = Release|x86
	EndGlobalSection
	GlobalSection(ProjectConfigurationPlatforms) = postSolution
		{1166C636-9BF7-4E88-8681-753CEB58323E}.Debug|x64.ActiveCfg = Debug|x64
		{1166C636-9BF7-4E88-8681-753CEB58323E}.Debug|x64.Build.0 = Debug|x64
		{1166C636-9BF7-4E88-8681-753CEB58323E}.Debug|x86.ActiveCfg = Debug|Win32
		{1166C636-9BF7-4E88-8681-753CEB58323E}.Debug|x86.Build.0 = Debug|Win32
		{1166C636-9BF7-4E88-8681-753CEB58323E}.Release|x64.ActiveCfg = Release|x64
		{1166C636-9BF7-4E88-8681-753CEB58323E}.Release|x64.Build.0 = Release|x64
		{1166C636-9BF7-4E88-8681-753CEB58323E}.Release|x86.ActiveCfg = Release|Win32
		{1166C636-9BF7-4E88-8681-753CEB58323E}.Release|x86.Build.0 = Release|Win32
		{B4AE2529-0CDA-452B-9393-9277B4E9746A}.Debug|x64.ActiveCfg = Debug|x64
		{B4AE2529-0CDA-452B-9393-9277B4E9746A}.Debug|x64.Build.0 = Debug|x64
		{B4AE2529-0CDA-452B-9393-9277B4E9746A}.Debug|x86.ActiveCfg = Debug|Win32
		{B4AE2529-0CDA-452B-9393-9277B4E9746A}.Debug|x86.Build.0 = Debug|Win32
		{B4AE2529-0CDA-452B-9393-9277B4E9746A}.Release|x64.ActiveCfg = Release|x64
		{B4AE2529-0CDA-452B-9393-9277B4E9746A}.Release|x64.Build.0 = Release|x64
		{B4AE2529-0CDA-452B-9393-9277B4E9746A}.Release|x86.ActiveCfg = Release|Win32
		{B4AE2529-0CDA-452B-9393-9277B4E9746A}.Release|x86.Build.0 = Release|Win32
	EndGlobalSection
	GlobalSection(SolutionProperties) = preSolution
		HideSolutionNode = FALSE
	EndGlobalSection
	GlobalSection(ExtensibilityGlobals) = postSolution
		SolutionGuid = {FF147E3B-BD5D-4E75-BDEF-AC68D20C3333}
	EndGlobalSection
EndGlobal
